{
  "name": "weekendr",
  "requires": true,
  "lockfileVersion": 1,
  "dependencies": {
    "typed.js": {
      "version": "2.0.6",
      "resolved": "https://registry.npmjs.org/typed.js/-/typed.js-2.0.6.tgz",
      "integrity": "sha512-aGmMVR/J3fD4Dm3WWs1xb44ts47oQnYVgm2RF4BTMDdMpQIru0Jqa/lOkEzcS6eQWucA0lQl08rHgmNdvXkycQ=="
    }
  }
}
